
Microsoft Visual Studio Solution File, Format Version 12.00
# Visual Studio 2012
Project("{FAE04EC0-301F-11D3-BF4B-00C04F79EFBC}") = "SpecFlowComWatinExample01", "SpecFlowComWatinExample01\SpecFlowComWatinExample01.csproj", "{D24DAACB-290D-4498-93F8-5C3E9C473DCB}"
EndProject
Global
	GlobalSection(SolutionConfigurationPlatforms) = preSolution
		Debug|Any CPU = Debug|Any CPU
		Release|Any CPU = Release|Any CPU
	EndGlobalSection
	GlobalSection(ProjectConfigurationPlatforms) = postSolution
		{D24DAACB-290D-4498-93F8-5C3E9C473DCB}.Debug|Any CPU.ActiveCfg = Debug|Any CPU
		{D24DAACB-290D-4498-93F8-5C3E9C473DCB}.Debug|Any CPU.Build.0 = Debug|Any CPU
		{D24DAACB-290D-4498-93F8-5C3E9C473DCB}.Release|Any CPU.ActiveCfg = Release|Any CPU
		{D24DAACB-290D-4498-93F8-5C3E9C473DCB}.Release|Any CPU.Build.0 = Release|Any CPU
	EndGlobalSection
	GlobalSection(SolutionProperties) = preSolution
		HideSolutionNode = FALSE
	EndGlobalSection
EndGlobal
